schema: '2.0'
stages:
  data_ingestion:
    cmd: python src/data/data_ingestion.py
    deps:
    - path: src/data/data_ingestion.py
      hash: md5
      md5: ee08a4c31ae467cebbcce70b5cc5491a
      size: 3545
    params:
      params.yaml:
        data_ingestion.test_size: 0.25
    outs:
    - path: data/raw
      hash: md5
      md5: 3a301dd6a0b3caa261222635788eb1a5.dir
      size: 827973
      nfiles: 2
  data_preprocessing:
    cmd: python src/data/data_preprocessing.py
    deps:
    - path: data/raw
      hash: md5
      md5: 3a301dd6a0b3caa261222635788eb1a5.dir
      size: 827973
      nfiles: 2
    - path: src/data/data_preprocessing.py
      hash: md5
      md5: c1e18bf95fcc1e3d80cae9ee7c4a6383
      size: 4014
    outs:
    - path: data/interim
      hash: md5
      md5: b59a6d9deda25e18ae8ad7d7977cbe56.dir
      size: 566210
      nfiles: 2
  feature_engineering:
    cmd: python src/features/feature_engineering.py
    deps:
    - path: data/interim
      hash: md5
      md5: b59a6d9deda25e18ae8ad7d7977cbe56.dir
      size: 566210
      nfiles: 2
    - path: src/features/feature_engineering.py
      hash: md5
      md5: c1888aef256c204017522c2ce5fd36a0
      size: 3883
    params:
      params.yaml:
        feature_engineering.max_features: 4800
    outs:
    - path: data/processed
      hash: md5
      md5: e2562a1f51485c79272a5916898598e2.dir
      size: 99667316
      nfiles: 2
    - path: models/vectorizer.pkl
      hash: md5
      md5: 69ae83f76a0aa6aaada189c7be0de122
      size: 134374
  model_building:
    cmd: python src/model/model_building.py
    deps:
    - path: data/processed
      hash: md5
      md5: e2562a1f51485c79272a5916898598e2.dir
      size: 99667316
      nfiles: 2
    - path: src/model/model_building.py
      hash: md5
      md5: 809681a98d52938b43c9befd0b00a422
      size: 2373
    outs:
    - path: models/model.pkl
      hash: md5
      md5: 83d31732a8684e1f5d8aa91f046b15e9
      size: 39117
  model_evaluation:
    cmd: python src/model/model_evaluation.py
    deps:
    - path: models/model.pkl
      hash: md5
      md5: 83d31732a8684e1f5d8aa91f046b15e9
      size: 39117
    - path: src/model/model_evaluation.py
      hash: md5
      md5: 5ba6a905d8f9661363bbe605db6ac072
      size: 5494
    outs:
    - path: reports/experiment_info.json
      hash: md5
      md5: 85ce728f979e223b1a353fecf7069674
      size: 82
    - path: reports/metrics.json
      hash: md5
      md5: 075791caec4b75eead455eb0a9c345d3
      size: 131
  model_registration:
    cmd: python src/model/register_model.py
    deps:
    - path: reports/experiment_info.json
      hash: md5
      md5: 85ce728f979e223b1a353fecf7069674
      size: 82
    - path: src/model/register_model.py
      hash: md5
      md5: 0b7b746a03c00eb2dd0dd9931115a738
      size: 2629
